
Microsoft Visual Studio Solution File, Format Version 12.00
# Visual Studio 15
VisualStudioVersion = 15.0.28307.1401
MinimumVisualStudioVersion = 10.0.40219.1
Project("{FAE04EC0-301F-11D3-BF4B-00C04F79EFBC}") = "First_project", "First_project\First_project.csproj", "{FC10A652-8319-465B-A2B4-8E14508704E5}"
EndProject
Global
	GlobalSection(SolutionConfigurationPlatforms) = preSolution
		Debug|Any CPU = Debug|Any CPU
		Release|Any CPU = Release|Any CPU
	EndGlobalSection
	GlobalSection(ProjectConfigurationPlatforms) = postSolution
		{FC10A652-8319-465B-A2B4-8E14508704E5}.Debug|Any CPU.ActiveCfg = Debug|Any CPU
		{FC10A652-8319-465B-A2B4-8E14508704E5}.Debug|Any CPU.Build.0 = Debug|Any CPU
		{FC10A652-8319-465B-A2B4-8E14508704E5}.Release|Any CPU.ActiveCfg = Release|Any CPU
		{FC10A652-8319-465B-A2B4-8E14508704E5}.Release|Any CPU.Build.0 = Release|Any CPU
	EndGlobalSection
	GlobalSection(SolutionProperties) = preSolution
		HideSolutionNode = FALSE
	EndGlobalSection
	GlobalSection(ExtensibilityGlobals) = postSolution
		SolutionGuid = {D33DBA56-2E80-448A-A63A-4B270BF4B9C1}
	EndGlobalSection
EndGlobal
